
Microsoft Visual Studio Solution File, Format Version 12.00
# Visual Studio Version 17
VisualStudioVersion = 17.11.35208.52
MinimumVisualStudioVersion = 10.0.40219.1
Project("{FAE04EC0-301F-11D3-BF4B-00C04F79EFBC}") = "Co-Flo Assessment Project", "Co-Flo Assessment Project.csproj", "{7199DCA8-5097-4E7E-B1DA-3E6A2D3C7835}"
EndProject
Global
	GlobalSection(SolutionConfigurationPlatforms) = preSolution
		Debug|Any CPU = Debug|Any CPU
		Release|Any CPU = Release|Any CPU
	EndGlobalSection
	GlobalSection(ProjectConfigurationPlatforms) = postSolution
		{7199DCA8-5097-4E7E-B1DA-3E6A2D3C7835}.Debug|Any CPU.ActiveCfg = Debug|Any CPU
		{7199DCA8-5097-4E7E-B1DA-3E6A2D3C7835}.Debug|Any CPU.Build.0 = Debug|Any CPU
		{7199DCA8-5097-4E7E-B1DA-3E6A2D3C7835}.Release|Any CPU.ActiveCfg = Release|Any CPU
		{7199DCA8-5097-4E7E-B1DA-3E6A2D3C7835}.Release|Any CPU.Build.0 = Release|Any CPU
	EndGlobalSection
	GlobalSection(SolutionProperties) = preSolution
		HideSolutionNode = FALSE
	EndGlobalSection
	GlobalSection(ExtensibilityGlobals) = postSolution
		SolutionGuid = {7453B2BF-70A0-4112-8B81-BD83BC7FCCFB}
	EndGlobalSection
EndGlobal
